
Microsoft Visual Studio Solution File, Format Version 12.00
Project("{FAE04EC0-301F-11D3-BF4B-00C04F79EFBC}") = "ShortenUrl.API", "src\ShortenUrl.API\ShortenUrl.API.csproj", "{C433D216-1CDB-4CDE-BFFF-5EAAFBB41E08}"
EndProject
Project("{FAE04EC0-301F-11D3-BF4B-00C04F79EFBC}") = "ShortenUrl.Application", "src\ShortenUrl.Application\ShortenUrl.Application.csproj", "{557C7829-76C0-4DAA-9DFF-8E503D94C379}"
EndProject
Project("{FAE04EC0-301F-11D3-BF4B-00C04F79EFBC}") = "ShortenUrl.Domain", "src\ShortenUrl.Domain\ShortenUrl.Domain.csproj", "{B397B6F2-0B20-4C65-B39F-11583E5D0C1C}"
EndProject
Project("{FAE04EC0-301F-11D3-BF4B-00C04F79EFBC}") = "ShortenUrl.Infra", "src\ShortenUrl.Infra\ShortenUrl.Infra.csproj", "{0D2AEECB-2F4A-4D7C-B9AA-66F13867F040}"
EndProject
Project("{2150E333-8FDC-42A3-9474-1A3956D46DE8}") = "src", "src", "{5ECBE304-B13B-4E81-82D5-0961786E4B26}"
EndProject
Project("{2150E333-8FDC-42A3-9474-1A3956D46DE8}") = "test", "test", "{F083ECF1-2553-437B-9153-1D95F2038F2C}"
EndProject
Project("{2150E333-8FDC-42A3-9474-1A3956D46DE8}") = "Backend", "Backend", "{77E3124A-25D3-49C8-A234-34A076A89DB4}"
EndProject
Global
	GlobalSection(SolutionConfigurationPlatforms) = preSolution
		Debug|Any CPU = Debug|Any CPU
		Release|Any CPU = Release|Any CPU
	EndGlobalSection
	GlobalSection(ProjectConfigurationPlatforms) = postSolution
		{C433D216-1CDB-4CDE-BFFF-5EAAFBB41E08}.Debug|Any CPU.ActiveCfg = Debug|Any CPU
		{C433D216-1CDB-4CDE-BFFF-5EAAFBB41E08}.Debug|Any CPU.Build.0 = Debug|Any CPU
		{C433D216-1CDB-4CDE-BFFF-5EAAFBB41E08}.Release|Any CPU.ActiveCfg = Release|Any CPU
		{C433D216-1CDB-4CDE-BFFF-5EAAFBB41E08}.Release|Any CPU.Build.0 = Release|Any CPU
		{557C7829-76C0-4DAA-9DFF-8E503D94C379}.Debug|Any CPU.ActiveCfg = Debug|Any CPU
		{557C7829-76C0-4DAA-9DFF-8E503D94C379}.Debug|Any CPU.Build.0 = Debug|Any CPU
		{557C7829-76C0-4DAA-9DFF-8E503D94C379}.Release|Any CPU.ActiveCfg = Release|Any CPU
		{557C7829-76C0-4DAA-9DFF-8E503D94C379}.Release|Any CPU.Build.0 = Release|Any CPU
		{B397B6F2-0B20-4C65-B39F-11583E5D0C1C}.Debug|Any CPU.ActiveCfg = Debug|Any CPU
		{B397B6F2-0B20-4C65-B39F-11583E5D0C1C}.Debug|Any CPU.Build.0 = Debug|Any CPU
		{B397B6F2-0B20-4C65-B39F-11583E5D0C1C}.Release|Any CPU.ActiveCfg = Release|Any CPU
		{B397B6F2-0B20-4C65-B39F-11583E5D0C1C}.Release|Any CPU.Build.0 = Release|Any CPU
		{0D2AEECB-2F4A-4D7C-B9AA-66F13867F040}.Debug|Any CPU.ActiveCfg = Debug|Any CPU
		{0D2AEECB-2F4A-4D7C-B9AA-66F13867F040}.Debug|Any CPU.Build.0 = Debug|Any CPU
		{0D2AEECB-2F4A-4D7C-B9AA-66F13867F040}.Release|Any CPU.ActiveCfg = Release|Any CPU
		{0D2AEECB-2F4A-4D7C-B9AA-66F13867F040}.Release|Any CPU.Build.0 = Release|Any CPU
	EndGlobalSection
	GlobalSection(NestedProjects) = preSolution
		{77E3124A-25D3-49C8-A234-34A076A89DB4} = {5ECBE304-B13B-4E81-82D5-0961786E4B26}
		{C433D216-1CDB-4CDE-BFFF-5EAAFBB41E08} = {77E3124A-25D3-49C8-A234-34A076A89DB4}
		{557C7829-76C0-4DAA-9DFF-8E503D94C379} = {77E3124A-25D3-49C8-A234-34A076A89DB4}
		{B397B6F2-0B20-4C65-B39F-11583E5D0C1C} = {77E3124A-25D3-49C8-A234-34A076A89DB4}
		{0D2AEECB-2F4A-4D7C-B9AA-66F13867F040} = {77E3124A-25D3-49C8-A234-34A076A89DB4}
	EndGlobalSection
EndGlobal
